
Microsoft Visual Studio Solution File, Format Version 12.00
# Visual Studio Version 17
VisualStudioVersion = 17.2.32526.322
MinimumVisualStudioVersion = 10.0.40219.1
Project("{9A19103F-16F7-4668-BE54-9A1E7A4F7556}") = "InheritanceOOP", "InheritanceOOP\InheritanceOOP.csproj", "{50AFC012-C991-4FEA-A0FD-921415F83F6D}"
EndProject
Project("{9A19103F-16F7-4668-BE54-9A1E7A4F7556}") = "Person", "Person\Person.csproj", "{2085C9AE-E8CE-4186-8283-F32D01E9B47D}"
EndProject
Project("{9A19103F-16F7-4668-BE54-9A1E7A4F7556}") = "InternalAccessModifier", "InternalAccessModifier\InternalAccessModifier.csproj", "{91939E37-5F51-4B31-A69C-2DB6D4567603}"
EndProject
Project("{9A19103F-16F7-4668-BE54-9A1E7A4F7556}") = "InternalTest", "InternalTest\InternalTest.csproj", "{EAC2B5F4-290C-4413-82D0-9A6FC9FFE644}"
EndProject
Project("{9A19103F-16F7-4668-BE54-9A1E7A4F7556}") = "Persons", "Persons\Persons.csproj", "{931C746A-4762-4722-A53C-62BA273BCF40}"
EndProject
Project("{9A19103F-16F7-4668-BE54-9A1E7A4F7556}") = "Salary", "Salary\Salary.csproj", "{236E04FE-E3B3-443A-8D3E-A6AC8D4096BE}"
EndProject
Project("{9A19103F-16F7-4668-BE54-9A1E7A4F7556}") = "Validation", "Validation\Validation.csproj", "{B6406BF4-CEDB-473A-A1E2-BBED78AC95AA}"
EndProject
Project("{9A19103F-16F7-4668-BE54-9A1E7A4F7556}") = "Team", "Team\Team.csproj", "{D814B864-3565-4CE7-BF62-BE61FA78F7FB}"
EndProject
Project("{9A19103F-16F7-4668-BE54-9A1E7A4F7556}") = "MutableAndImmutable", "MutableAndImmutable\MutableAndImmutable.csproj", "{3C3874E8-1D25-464E-A1E3-8BE9852C3ED4}"
EndProject
Project("{9A19103F-16F7-4668-BE54-9A1E7A4F7556}") = "AnimalFarm", "AnimalFarm\AnimalFarm\AnimalFarm.csproj", "{D6BF4990-0F6D-43BD-B85E-693B2BB2C566}"
EndProject
Project("{FAE04EC0-301F-11D3-BF4B-00C04F79EFBC}") = "E03ShoppingSpree", "E03ShoppingSpree\E03ShoppingSpree.csproj", "{2AEF19A9-9C3F-40A6-A135-F3C55C7AF789}"
EndProject
Project("{FAE04EC0-301F-11D3-BF4B-00C04F79EFBC}") = "E04PizzaCalories", "E04PizzaCalories\E04PizzaCalories.csproj", "{FDC4AE6B-F77E-43E0-9F0C-900F431BD899}"
EndProject
Project("{FAE04EC0-301F-11D3-BF4B-00C04F79EFBC}") = "E05FootballTeamGenerator", "E05FootballTeamGenerator\E05FootballTeamGenerator.csproj", "{BDE31B3F-606D-4EC4-840D-2EBD1DBEA001}"
EndProject
Global
	GlobalSection(SolutionConfigurationPlatforms) = preSolution
		Debug|Any CPU = Debug|Any CPU
		Release|Any CPU = Release|Any CPU
	EndGlobalSection
	GlobalSection(ProjectConfigurationPlatforms) = postSolution
		{50AFC012-C991-4FEA-A0FD-921415F83F6D}.Debug|Any CPU.ActiveCfg = Debug|Any CPU
		{50AFC012-C991-4FEA-A0FD-921415F83F6D}.Debug|Any CPU.Build.0 = Debug|Any CPU
		{50AFC012-C991-4FEA-A0FD-921415F83F6D}.Release|Any CPU.ActiveCfg = Release|Any CPU
		{50AFC012-C991-4FEA-A0FD-921415F83F6D}.Release|Any CPU.Build.0 = Release|Any CPU
		{2085C9AE-E8CE-4186-8283-F32D01E9B47D}.Debug|Any CPU.ActiveCfg = Debug|Any CPU
		{2085C9AE-E8CE-4186-8283-F32D01E9B47D}.Debug|Any CPU.Build.0 = Debug|Any CPU
		{2085C9AE-E8CE-4186-8283-F32D01E9B47D}.Release|Any CPU.ActiveCfg = Release|Any CPU
		{2085C9AE-E8CE-4186-8283-F32D01E9B47D}.Release|Any CPU.Build.0 = Release|Any CPU
		{91939E37-5F51-4B31-A69C-2DB6D4567603}.Debug|Any CPU.ActiveCfg = Debug|Any CPU
		{91939E37-5F51-4B31-A69C-2DB6D4567603}.Debug|Any CPU.Build.0 = Debug|Any CPU
		{91939E37-5F51-4B31-A69C-2DB6D4567603}.Release|Any CPU.ActiveCfg = Release|Any CPU
		{91939E37-5F51-4B31-A69C-2DB6D4567603}.Release|Any CPU.Build.0 = Release|Any CPU
		{EAC2B5F4-290C-4413-82D0-9A6FC9FFE644}.Debug|Any CPU.ActiveCfg = Debug|Any CPU
		{EAC2B5F4-290C-4413-82D0-9A6FC9FFE644}.Debug|Any CPU.Build.0 = Debug|Any CPU
		{EAC2B5F4-290C-4413-82D0-9A6FC9FFE644}.Release|Any CPU.ActiveCfg = Release|Any CPU
		{EAC2B5F4-290C-4413-82D0-9A6FC9FFE644}.Release|Any CPU.Build.0 = Release|Any CPU
		{931C746A-4762-4722-A53C-62BA273BCF40}.Debug|Any CPU.ActiveCfg = Debug|Any CPU
		{931C746A-4762-4722-A53C-62BA273BCF40}.Debug|Any CPU.Build.0 = Debug|Any CPU
		{931C746A-4762-4722-A53C-62BA273BCF40}.Release|Any CPU.ActiveCfg = Release|Any CPU
		{931C746A-4762-4722-A53C-62BA273BCF40}.Release|Any CPU.Build.0 = Release|Any CPU
		{236E04FE-E3B3-443A-8D3E-A6AC8D4096BE}.Debug|Any CPU.ActiveCfg = Debug|Any CPU
		{236E04FE-E3B3-443A-8D3E-A6AC8D4096BE}.Debug|Any CPU.Build.0 = Debug|Any CPU
		{236E04FE-E3B3-443A-8D3E-A6AC8D4096BE}.Release|Any CPU.ActiveCfg = Release|Any CPU
		{236E04FE-E3B3-443A-8D3E-A6AC8D4096BE}.Release|Any CPU.Build.0 = Release|Any CPU
		{B6406BF4-CEDB-473A-A1E2-BBED78AC95AA}.Debug|Any CPU.ActiveCfg = Debug|Any CPU
		{B6406BF4-CEDB-473A-A1E2-BBED78AC95AA}.Debug|Any CPU.Build.0 = Debug|Any CPU
		{B6406BF4-CEDB-473A-A1E2-BBED78AC95AA}.Release|Any CPU.ActiveCfg = Release|Any CPU
		{B6406BF4-CEDB-473A-A1E2-BBED78AC95AA}.Release|Any CPU.Build.0 = Release|Any CPU
		{D814B864-3565-4CE7-BF62-BE61FA78F7FB}.Debug|Any CPU.ActiveCfg = Debug|Any CPU
		{D814B864-3565-4CE7-BF62-BE61FA78F7FB}.Debug|Any CPU.Build.0 = Debug|Any CPU
		{D814B864-3565-4CE7-BF62-BE61FA78F7FB}.Release|Any CPU.ActiveCfg = Release|Any CPU
		{D814B864-3565-4CE7-BF62-BE61FA78F7FB}.Release|Any CPU.Build.0 = Release|Any CPU
		{3C3874E8-1D25-464E-A1E3-8BE9852C3ED4}.Debug|Any CPU.ActiveCfg = Debug|Any CPU
		{3C3874E8-1D25-464E-A1E3-8BE9852C3ED4}.Debug|Any CPU.Build.0 = Debug|Any CPU
		{3C3874E8-1D25-464E-A1E3-8BE9852C3ED4}.Release|Any CPU.ActiveCfg = Release|Any CPU
		{3C3874E8-1D25-464E-A1E3-8BE9852C3ED4}.Release|Any CPU.Build.0 = Release|Any CPU
		{D6BF4990-0F6D-43BD-B85E-693B2BB2C566}.Debug|Any CPU.ActiveCfg = Debug|Any CPU
		{D6BF4990-0F6D-43BD-B85E-693B2BB2C566}.Debug|Any CPU.Build.0 = Debug|Any CPU
		{D6BF4990-0F6D-43BD-B85E-693B2BB2C566}.Release|Any CPU.ActiveCfg = Release|Any CPU
		{D6BF4990-0F6D-43BD-B85E-693B2BB2C566}.Release|Any CPU.Build.0 = Release|Any CPU
		{2AEF19A9-9C3F-40A6-A135-F3C55C7AF789}.Debug|Any CPU.ActiveCfg = Debug|Any CPU
		{2AEF19A9-9C3F-40A6-A135-F3C55C7AF789}.Debug|Any CPU.Build.0 = Debug|Any CPU
		{2AEF19A9-9C3F-40A6-A135-F3C55C7AF789}.Release|Any CPU.ActiveCfg = Release|Any CPU
		{2AEF19A9-9C3F-40A6-A135-F3C55C7AF789}.Release|Any CPU.Build.0 = Release|Any CPU
		{FDC4AE6B-F77E-43E0-9F0C-900F431BD899}.Debug|Any CPU.ActiveCfg = Debug|Any CPU
		{FDC4AE6B-F77E-43E0-9F0C-900F431BD899}.Debug|Any CPU.Build.0 = Debug|Any CPU
		{FDC4AE6B-F77E-43E0-9F0C-900F431BD899}.Release|Any CPU.ActiveCfg = Release|Any CPU
		{FDC4AE6B-F77E-43E0-9F0C-900F431BD899}.Release|Any CPU.Build.0 = Release|Any CPU
		{BDE31B3F-606D-4EC4-840D-2EBD1DBEA001}.Debug|Any CPU.ActiveCfg = Debug|Any CPU
		{BDE31B3F-606D-4EC4-840D-2EBD1DBEA001}.Debug|Any CPU.Build.0 = Debug|Any CPU
		{BDE31B3F-606D-4EC4-840D-2EBD1DBEA001}.Release|Any CPU.ActiveCfg = Release|Any CPU
		{BDE31B3F-606D-4EC4-840D-2EBD1DBEA001}.Release|Any CPU.Build.0 = Release|Any CPU
	EndGlobalSection
	GlobalSection(SolutionProperties) = preSolution
		HideSolutionNode = FALSE
	EndGlobalSection
	GlobalSection(ExtensibilityGlobals) = postSolution
		SolutionGuid = {D1CA6DF5-934B-4B79-88B2-AFB2CD7EDB44}
	EndGlobalSection
EndGlobal
